<?xml version="1.0" encoding="utf-8"?>
<Project ToolsVersion="4.0" xmlns="http://schemas.microsoft.com/developer/msbuild/2003">
  <ItemGroup>
    <Filter Include="vendor">
      <UniqueIdentifier>{B3738122-9F15-ACF8-88D0-BF4C74113349}</UniqueIdentifier>
    </Filter>
    <Filter Include="vendor\stb">
      <UniqueIdentifier>{8BD3C5A8-778B-07F6-E092-E051CC69A2E6}</UniqueIdentifier>
    </Filter>
    <Filter Include="vendor\stb\tests">
      <UniqueIdentifier>{ADFA85EA-99F3-A43C-C225-8AC1AE7D8448}</UniqueIdentifier>
    </Filter>
  </ItemGroup>
  <ItemGroup>
    <ClCompile Include="src\main.cpp" />
    <ClCompile Include="vendor\stb\tests\resample_test.cpp">
      <Filter>vendor\stb\tests</Filter>
    </ClCompile>
    <ClCompile Include="vendor\stb\tests\stb_c_lexer_fuzzer.cpp">
      <Filter>vendor\stb\tests</Filter>
    </ClCompile>
    <ClCompile Include="vendor\stb\tests\stb_cpp.cpp">
      <Filter>vendor\stb\tests</Filter>
    </ClCompile>
    <ClCompile Include="vendor\stb\tests\test_cpp_compilation.cpp">
      <Filter>vendor\stb\tests</Filter>
    </ClCompile>
    <ClCompile Include="vendor\stb\tests\test_ds_cpp.cpp">
      <Filter>vendor\stb\tests</Filter>
    </ClCompile>
  </ItemGroup>
</Project>